Microsoft Visual Studio Solution File, Format Version 12.00
# Visual Studio Version 17
VisualStudioVersion = 17.5.2.0
MinimumVisualStudioVersion = 10.0.40219.1
Project("{FAE04EC0-301F-11D3-BF4B-00C04F79EFBC}") = "EegilityApi", "backend-csharp\EegilityApi.csproj", "{9F98273F-A51C-42FB-B088-B20DDB6C4771}"
EndProject
Global
	GlobalSection(SolutionConfigurationPlatforms) = preSolution
		Debug|Any CPU = Debug|Any CPU
		Release|Any CPU = Release|Any CPU
	EndGlobalSection
	GlobalSection(ProjectConfigurationPlatforms) = postSolution
		{9F98273F-A51C-42FB-B088-B20DDB6C4771}.Debug|Any CPU.ActiveCfg = Debug|Any CPU
		{9F98273F-A51C-42FB-B088-B20DDB6C4771}.Debug|Any CPU.Build.0 = Debug|Any CPU
		{9F98273F-A51C-42FB-B088-B20DDB6C4771}.Release|Any CPU.ActiveCfg = Release|Any CPU
		{9F98273F-A51C-42FB-B088-B20DDB6C4771}.Release|Any CPU.Build.0 = Release|Any CPU
	EndGlobalSection
	GlobalSection(SolutionProperties) = preSolution
		HideSolutionNode = FALSE
	EndGlobalSection
	GlobalSection(ExtensibilityGlobals) = postSolution
		SolutionGuid = {9876BC8C-28E9-4BB4-B5F1-C7E7C82FFC77}
	EndGlobalSection
EndGlobal
